
Microsoft Visual Studio Solution File, Format Version 12.00
# Visual Studio Version 17
VisualStudioVersion = 17.14.36221.1 d17.14
MinimumVisualStudioVersion = 10.0.40219.1
Project("{FAE04EC0-301F-11D3-BF4B-00C04F79EFBC}") = "WpfTuneForgePlayer", "WpfTuneForgePlayer.csproj", "{069371DF-2D8C-4A50-B298-92B7296444C4}"
EndProject
Global
	GlobalSection(SolutionConfigurationPlatforms) = preSolution
		Debug|Any CPU = Debug|Any CPU
		Release|Any CPU = Release|Any CPU
	EndGlobalSection
	GlobalSection(ProjectConfigurationPlatforms) = postSolution
		{069371DF-2D8C-4A50-B298-92B7296444C4}.Debug|Any CPU.ActiveCfg = Debug|Any CPU
		{069371DF-2D8C-4A50-B298-92B7296444C4}.Debug|Any CPU.Build.0 = Debug|Any CPU
		{069371DF-2D8C-4A50-B298-92B7296444C4}.Release|Any CPU.ActiveCfg = Release|Any CPU
		{069371DF-2D8C-4A50-B298-92B7296444C4}.Release|Any CPU.Build.0 = Release|Any CPU
	EndGlobalSection
	GlobalSection(SolutionProperties) = preSolution
		HideSolutionNode = FALSE
	EndGlobalSection
	GlobalSection(ExtensibilityGlobals) = postSolution
		SolutionGuid = {0004F7A0-37D0-40DD-83F3-CD1B087BDB0F}
	EndGlobalSection
EndGlobal
